
Microsoft Visual Studio Solution File, Format Version 12.00
# Visual Studio Version 17
VisualStudioVersion = 17.9.34607.119
MinimumVisualStudioVersion = 10.0.40219.1
Project("{FAE04EC0-301F-11D3-BF4B-00C04F79EFBC}") = "NotDefteriApi", "NotDefteriApi\NotDefteriApi.csproj", "{9CBEA431-FD80-4C2F-8C13-AB93DDDAE4D2}"
EndProject
Global
	GlobalSection(SolutionConfigurationPlatforms) = preSolution
		Debug|Any CPU = Debug|Any CPU
		Release|Any CPU = Release|Any CPU
	EndGlobalSection
	GlobalSection(ProjectConfigurationPlatforms) = postSolution
		{9CBEA431-FD80-4C2F-8C13-AB93DDDAE4D2}.Debug|Any CPU.ActiveCfg = Debug|Any CPU
		{9CBEA431-FD80-4C2F-8C13-AB93DDDAE4D2}.Debug|Any CPU.Build.0 = Debug|Any CPU
		{9CBEA431-FD80-4C2F-8C13-AB93DDDAE4D2}.Release|Any CPU.ActiveCfg = Release|Any CPU
		{9CBEA431-FD80-4C2F-8C13-AB93DDDAE4D2}.Release|Any CPU.Build.0 = Release|Any CPU
	EndGlobalSection
	GlobalSection(SolutionProperties) = preSolution
		HideSolutionNode = FALSE
	EndGlobalSection
	GlobalSection(ExtensibilityGlobals) = postSolution
		SolutionGuid = {34C11E73-0146-45A3-8FE1-09FA769791A2}
	EndGlobalSection
EndGlobal
